
Microsoft Visual Studio Solution File, Format Version 11.00
# Visual Studio 2010
Project("{FAE04EC0-301F-11D3-BF4B-00C04F79EFBC}") = "PHolaMysql", "PHolaMysql\PHolaMysql.csproj", "{1C3682D9-8E8A-44DA-A961-A27BD0EA65DC}"
EndProject
Global
	GlobalSection(SolutionConfigurationPlatforms) = preSolution
		Debug|x86 = Debug|x86
		Release|x86 = Release|x86
	EndGlobalSection
	GlobalSection(ProjectConfigurationPlatforms) = postSolution
		{1C3682D9-8E8A-44DA-A961-A27BD0EA65DC}.Debug|x86.ActiveCfg = Debug|x86
		{1C3682D9-8E8A-44DA-A961-A27BD0EA65DC}.Debug|x86.Build.0 = Debug|x86
		{1C3682D9-8E8A-44DA-A961-A27BD0EA65DC}.Release|x86.ActiveCfg = Release|x86
		{1C3682D9-8E8A-44DA-A961-A27BD0EA65DC}.Release|x86.Build.0 = Release|x86
	EndGlobalSection
	GlobalSection(MonoDevelopProperties) = preSolution
		StartupItem = PHolaMysql\PHolaMysql.csproj
	EndGlobalSection
EndGlobal
